{
  "name": "qbx_properties",
  "lockfileVersion": 3,
  "requires": true,
  "packages": {
    "": {
      "name": "qbx_properties",
      "dependencies": {
        "@citizenfx/server": "^2.0.8903-1",
        "pngjs": "^7.0.0",
        "webp-converter": "^2.3.3"
      }
    },
    "node_modules/@citizenfx/server": {
      "version": "2.0.8903-1",
      "resolved": "https://registry.npmjs.org/@citizenfx/server/-/server-2.0.8903-1.tgz",
      "integrity": "sha512-08COhAwTkhNgoBbpdZ694ZAO2ffFswIUPXFuico5CusFqVdS48RC3i90iCYf+BW2Ew/b/vlvMq0Q7AotALKOIg==",
      "license": "ISC"
    },
    "node_modules/pngjs": {
      "version": "7.0.0",
      "resolved": "https://registry.npmjs.org/pngjs/-/pngjs-7.0.0.tgz",
      "integrity": "sha512-LKWqWJRhstyYo9pGvgor/ivk2w94eSjE3RGVuzLGlr3NmD8bf7RcYGze1mNdEHRP6TRP6rMuDHk5t44hnTRyow==",
      "license": "MIT",
      "engines": {
        "node": ">=14.19.0"
      }
    },
    "node_modules/uuid": {
      "version": "11.1.1",
      "resolved": "https://registry.npmjs.org/uuid/-/uuid-11.1.1.tgz",
      "integrity": "sha512-vIYxrBCC/N/K+Js3qSN88go7kIfNPssr/hHCesKCQNAjmgvYS2oqr69kIufEG+O4+PfezOH4EbIeHCfFov8ZgQ==",
      "funding": [
        "https://github.com/sponsors/broofa",
        "https://github.com/sponsors/ctavan"
      ],
      "license": "MIT",
      "bin": {
        "uuid": "dist/esm/bin/uuid"
      }
    },
    "node_modules/webp-converter": {
      "version": "2.3.3",
      "resolved": "https://registry.npmjs.org/webp-converter/-/webp-converter-2.3.3.tgz",
      "integrity": "sha512-2p4XvPCIQ/CbUztEFA9vdkILVrRTdMtMxFpQTxlnPc3qx14MV5wnpVvK7m6pG70QdeL+Ser0+Tp843ONwh8VbQ==",
      "license": "MIT",
      "dependencies": {
        "uuid": "^8.3.2"
      }
    }
  }
}
